// !$*UTF8*$!
{
	archiveVersion = 1;
	classes = {
	};
	objectVersion = 46;
	objects = {

/* Begin PBXBuildFile section */
		47192DAF1DD7CB1400751F94 /* LevelViewController.swift in Sources */ = {isa = PBXBuildFile; fileRef = 47192DAE1DD7CB1400751F94 /* LevelViewController.swift */; };
		47192DB31DD7F53200751F94 /* Levels.swift in Sources */ = {isa = PBXBuildFile; fileRef = 47192DB21DD7F53200751F94 /* Levels.swift */; };
		47192DB51DD81C6600751F94 /* CircularImage.swift in Sources */ = {isa = PBXBuildFile; fileRef = 47192DB41DD81C6600751F94 /* CircularImage.swift */; };
		47192DB71DD81CB800751F94 /* ProfileViewController.swift in Sources */ = {isa = PBXBuildFile; fileRef = 47192DB61DD81CB800751F94 /* ProfileViewController.swift */; };
		47192DBA1DD81E6B00751F94 /* Comfortaa-Regular.ttf in Resources */ = {isa = PBXBuildFile; fileRef = 47192DB91DD81E6B00751F94 /* Comfortaa-Regular.ttf */; };
		47192DBC1DD835AD00751F94 /* MainTabBarController.swift in Sources */ = {isa = PBXBuildFile; fileRef = 47192DBB1DD835AD00751F94 /* MainTabBarController.swift */; };
		47192DBE1DD8386F00751F94 /* UserProfile.swift in Sources */ = {isa = PBXBuildFile; fileRef = 47192DBD1DD8386F00751F94 /* UserProfile.swift */; };
		47192DD81DD8462200751F94 /* libsqlite3.tbd in Frameworks */ = {isa = PBXBuildFile; fileRef = 47192DD71DD8462200751F94 /* libsqlite3.tbd */; };
		47192DDA1DD8462E00751F94 /* libz.tbd in Frameworks */ = {isa = PBXBuildFile; fileRef = 47192DD91DD8462E00751F94 /* libz.tbd */; };
		47192DED1DD8660600751F94 /* AlamofireImage.framework in Frameworks */ = {isa = PBXBuildFile; fileRef = 47192DEC1DD8660600751F94 /* AlamofireImage.framework */; };
		476959411DD88AE200D05294 /* GoogleService-Info.plist in Resources */ = {isa = PBXBuildFile; fileRef = 476959401DD88AE200D05294 /* GoogleService-Info.plist */; };
		477ECDF91DD89D98002EB54B /* LauncScreenViewController.swift in Sources */ = {isa = PBXBuildFile; fileRef = 477ECDF81DD89D98002EB54B /* LauncScreenViewController.swift */; };
		479195381DD7AB0600DA1C97 /* VisualRecognitionV3.framework in Frameworks */ = {isa = PBXBuildFile; fileRef = 479195371DD7AB0600DA1C97 /* VisualRecognitionV3.framework */; };
		4791953E1DD7ACCF00DA1C97 /* LevelTableViewCell.swift in Sources */ = {isa = PBXBuildFile; fileRef = 4791953D1DD7ACCF00DA1C97 /* LevelTableViewCell.swift */; };
		479195461DD7AD2100DA1C97 /* LevelTableViewCell.xib in Resources */ = {isa = PBXBuildFile; fileRef = 479195451DD7AD2100DA1C97 /* LevelTableViewCell.xib */; };
		4791954B1DD7B68900DA1C97 /* FCAlertView.framework in Frameworks */ = {isa = PBXBuildFile; fileRef = 4791954A1DD7B68900DA1C97 /* FCAlertView.framework */; };
		4791954D1DD7B91900DA1C97 /* GTProgressBar.framework in Frameworks */ = {isa = PBXBuildFile; fileRef = 4791954C1DD7B91900DA1C97 /* GTProgressBar.framework */; };
		4791954F1DD7B9BD00DA1C97 /* VisualRecognitionV3.framework in CopyFiles */ = {isa = PBXBuildFile; fileRef = 479195371DD7AB0600DA1C97 /* VisualRecognitionV3.framework */; settings = {ATTRIBUTES = (CodeSignOnCopy, RemoveHeadersOnCopy, ); }; };
		479195601DD7BA4300DA1C97 /* LanguageTranslatorV2.framework in Frameworks */ = {isa = PBXBuildFile; fileRef = 479195501DD7BA4300DA1C97 /* LanguageTranslatorV2.framework */; };
		479195611DD7BA4300DA1C97 /* ToneAnalyzerV3.framework in Frameworks */ = {isa = PBXBuildFile; fileRef = 479195511DD7BA4300DA1C97 /* ToneAnalyzerV3.framework */; };
		479195621DD7BA4300DA1C97 /* RelationshipExtractionV1Beta.framework in Frameworks */ = {isa = PBXBuildFile; fileRef = 479195521DD7BA4300DA1C97 /* RelationshipExtractionV1Beta.framework */; };
		479195631DD7BA4300DA1C97 /* NaturalLanguageClassifierV1.framework in Frameworks */ = {isa = PBXBuildFile; fileRef = 479195531DD7BA4300DA1C97 /* NaturalLanguageClassifierV1.framework */; };
		479195641DD7BA4300DA1C97 /* DocumentConversionV1.framework in Frameworks */ = {isa = PBXBuildFile; fileRef = 479195541DD7BA4300DA1C97 /* DocumentConversionV1.framework */; };
		479195651DD7BA4300DA1C97 /* RestKit.framework in Frameworks */ = {isa = PBXBuildFile; fileRef = 479195551DD7BA4300DA1C97 /* RestKit.framework */; };
		479195661DD7BA4300DA1C97 /* AlchemyVisionV1.framework in Frameworks */ = {isa = PBXBuildFile; fileRef = 479195561DD7BA4300DA1C97 /* AlchemyVisionV1.framework */; };
		479195671DD7BA4300DA1C97 /* PersonalityInsightsV2.framework in Frameworks */ = {isa = PBXBuildFile; fileRef = 479195571DD7BA4300DA1C97 /* PersonalityInsightsV2.framework */; };
		479195681DD7BA4300DA1C97 /* DialogV1.framework in Frameworks */ = {isa = PBXBuildFile; fileRef = 479195581DD7BA4300DA1C97 /* DialogV1.framework */; };
		479195691DD7BA4300DA1C97 /* RetrieveAndRankV1.framework in Frameworks */ = {isa = PBXBuildFile; fileRef = 479195591DD7BA4300DA1C97 /* RetrieveAndRankV1.framework */; };
		4791956A1DD7BA4300DA1C97 /* AlchemyLanguageV1.framework in Frameworks */ = {isa = PBXBuildFile; fileRef = 4791955A1DD7BA4300DA1C97 /* AlchemyLanguageV1.framework */; };
		4791956B1DD7BA4300DA1C97 /* ConversationV1.framework in Frameworks */ = {isa = PBXBuildFile; fileRef = 4791955B1DD7BA4300DA1C97 /* ConversationV1.framework */; };
		4791956C1DD7BA4300DA1C97 /* TradeoffAnalyticsV1.framework in Frameworks */ = {isa = PBXBuildFile; fileRef = 4791955C1DD7BA4300DA1C97 /* TradeoffAnalyticsV1.framework */; };
		4791956D1DD7BA4300DA1C97 /* TextToSpeechV1.framework in Frameworks */ = {isa = PBXBuildFile; fileRef = 4791955D1DD7BA4300DA1C97 /* TextToSpeechV1.framework */; };
		4791956E1DD7BA4300DA1C97 /* AlchemyDataNewsV1.framework in Frameworks */ = {isa = PBXBuildFile; fileRef = 4791955E1DD7BA4300DA1C97 /* AlchemyDataNewsV1.framework */; };
		4791956F1DD7BA4300DA1C97 /* SpeechToTextV1.framework in Frameworks */ = {isa = PBXBuildFile; fileRef = 4791955F1DD7BA4300DA1C97 /* SpeechToTextV1.framework */; };
		479195701DD7BA6E00DA1C97 /* LanguageTranslatorV2.framework in CopyFiles */ = {isa = PBXBuildFile; fileRef = 479195501DD7BA4300DA1C97 /* LanguageTranslatorV2.framework */; settings = {ATTRIBUTES = (CodeSignOnCopy, RemoveHeadersOnCopy, ); }; };
		479195711DD7BA6E00DA1C97 /* ToneAnalyzerV3.framework in CopyFiles */ = {isa = PBXBuildFile; fileRef = 479195511DD7BA4300DA1C97 /* ToneAnalyzerV3.framework */; settings = {ATTRIBUTES = (CodeSignOnCopy, RemoveHeadersOnCopy, ); }; };
		479195721DD7BA6E00DA1C97 /* RelationshipExtractionV1Beta.framework in CopyFiles */ = {isa = PBXBuildFile; fileRef = 479195521DD7BA4300DA1C97 /* RelationshipExtractionV1Beta.framework */; settings = {ATTRIBUTES = (CodeSignOnCopy, RemoveHeadersOnCopy, ); }; };
		479195731DD7BA6E00DA1C97 /* NaturalLanguageClassifierV1.framework in CopyFiles */ = {isa = PBXBuildFile; fileRef = 479195531DD7BA4300DA1C97 /* NaturalLanguageClassifierV1.framework */; settings = {ATTRIBUTES = (CodeSignOnCopy, RemoveHeadersOnCopy, ); }; };
		479195741DD7BA6E00DA1C97 /* DocumentConversionV1.framework in CopyFiles */ = {isa = PBXBuildFile; fileRef = 479195541DD7BA4300DA1C97 /* DocumentConversionV1.framework */; settings = {ATTRIBUTES = (CodeSignOnCopy, RemoveHeadersOnCopy, ); }; };
		479195751DD7BA6E00DA1C97 /* RestKit.framework in CopyFiles */ = {isa = PBXBuildFile; fileRef = 479195551DD7BA4300DA1C97 /* RestKit.framework */; settings = {ATTRIBUTES = (CodeSignOnCopy, RemoveHeadersOnCopy, ); }; };
		479195761DD7BA6E00DA1C97 /* AlchemyVisionV1.framework in CopyFiles */ = {isa = PBXBuildFile; fileRef = 479195561DD7BA4300DA1C97 /* AlchemyVisionV1.framework */; settings = {ATTRIBUTES = (CodeSignOnCopy, RemoveHeadersOnCopy, ); }; };
		479195771DD7BA6E00DA1C97 /* PersonalityInsightsV2.framework in CopyFiles */ = {isa = PBXBuildFile; fileRef = 479195571DD7BA4300DA1C97 /* PersonalityInsightsV2.framework */; settings = {ATTRIBUTES = (CodeSignOnCopy, RemoveHeadersOnCopy, ); }; };
		479195781DD7BA6E00DA1C97 /* DialogV1.framework in CopyFiles */ = {isa = PBXBuildFile; fileRef = 479195581DD7BA4300DA1C97 /* DialogV1.framework */; settings = {ATTRIBUTES = (CodeSignOnCopy, RemoveHeadersOnCopy, ); }; };
		479195791DD7BA6E00DA1C97 /* RetrieveAndRankV1.framework in CopyFiles */ = {isa = PBXBuildFile; fileRef = 479195591DD7BA4300DA1C97 /* RetrieveAndRankV1.framework */; settings = {ATTRIBUTES = (CodeSignOnCopy, RemoveHeadersOnCopy, ); }; };
		4791957A1DD7BA6E00DA1C97 /* AlchemyLanguageV1.framework in CopyFiles */ = {isa = PBXBuildFile; fileRef = 4791955A1DD7BA4300DA1C97 /* AlchemyLanguageV1.framework */; settings = {ATTRIBUTES = (CodeSignOnCopy, RemoveHeadersOnCopy, ); }; };
		4791957B1DD7BA6E00DA1C97 /* ConversationV1.framework in CopyFiles */ = {isa = PBXBuildFile; fileRef = 4791955B1DD7BA4300DA1C97 /* ConversationV1.framework */; settings = {ATTRIBUTES = (CodeSignOnCopy, RemoveHeadersOnCopy, ); }; };
		4791957C1DD7BA6E00DA1C97 /* TradeoffAnalyticsV1.framework in CopyFiles */ = {isa = PBXBuildFile; fileRef = 4791955C1DD7BA4300DA1C97 /* TradeoffAnalyticsV1.framework */; settings = {ATTRIBUTES = (CodeSignOnCopy, RemoveHeadersOnCopy, ); }; };
		4791957D1DD7BA6E00DA1C97 /* TextToSpeechV1.framework in CopyFiles */ = {isa = PBXBuildFile; fileRef = 4791955D1DD7BA4300DA1C97 /* TextToSpeechV1.framework */; settings = {ATTRIBUTES = (CodeSignOnCopy, RemoveHeadersOnCopy, ); }; };
		4791957E1DD7BA6E00DA1C97 /* AlchemyDataNewsV1.framework in CopyFiles */ = {isa = PBXBuildFile; fileRef = 4791955E1DD7BA4300DA1C97 /* AlchemyDataNewsV1.framework */; settings = {ATTRIBUTES = (CodeSignOnCopy, RemoveHeadersOnCopy, ); }; };
		4791957F1DD7BA6E00DA1C97 /* SpeechToTextV1.framework in CopyFiles */ = {isa = PBXBuildFile; fileRef = 4791955F1DD7BA4300DA1C97 /* SpeechToTextV1.framework */; settings = {ATTRIBUTES = (CodeSignOnCopy, RemoveHeadersOnCopy, ); }; };
		479195811DD7C06400DA1C97 /* CamaraViewController.swift in Sources */ = {isa = PBXBuildFile; fileRef = 479195801DD7C06400DA1C97 /* CamaraViewController.swift */; };
		479195831DD7C09300DA1C97 /* camara.storyboard in Resources */ = {isa = PBXBuildFile; fileRef = 479195821DD7C09300DA1C97 /* camara.storyboard */; };
		47F1CF1C1DD791AC0067121E /* AppDelegate.swift in Sources */ = {isa = PBXBuildFile; fileRef = 47F1CF1B1DD791AC0067121E /* AppDelegate.swift */; };
		47F1CF1E1DD791AC0067121E /* ViewController.swift in Sources */ = {isa = PBXBuildFile; fileRef = 47F1CF1D1DD791AC0067121E /* ViewController.swift */; };
		47F1CF211DD791AC0067121E /* Main.storyboard in Resources */ = {isa = PBXBuildFile; fileRef = 47F1CF1F1DD791AC0067121E /* Main.storyboard */; };
		47F1CF231DD791AC0067121E /* Assets.xcassets in Resources */ = {isa = PBXBuildFile; fileRef = 47F1CF221DD791AC0067121E /* Assets.xcassets */; };
		47F1CF261DD791AC0067121E /* LaunchScreen.storyboard in Resources */ = {isa = PBXBuildFile; fileRef = 47F1CF241DD791AC0067121E /* LaunchScreen.storyboard */; };
		8E68FE931DD7986E0077006F /* User.swift in Sources */ = {isa = PBXBuildFile; fileRef = 8E68FE921DD7986E0077006F /* User.swift */; };
		8E68FE951DD79B740077006F /* Recents.swift in Sources */ = {isa = PBXBuildFile; fileRef = 8E68FE941DD79B740077006F /* Recents.swift */; };
		8E68FE9D1DD80A4B0077006F /* userProfile.storyboard in Resources */ = {isa = PBXBuildFile; fileRef = 8E68FE9C1DD80A4B0077006F /* userProfile.storyboard */; };
		8E68FE9F1DD80A6B0077006F /* userProfileViewController.swift in Sources */ = {isa = PBXBuildFile; fileRef = 8E68FE9E1DD80A6B0077006F /* userProfileViewController.swift */; };
		E6977225EAB3D201399237F9 /* Pods_ScoutsBook.framework in Frameworks */ = {isa = PBXBuildFile; fileRef = 8312B15E34D046FFEAACC4BD /* Pods_ScoutsBook.framework */; };
/* End PBXBuildFile section */

/* Begin PBXCopyFilesBuildPhase section */
		4791954E1DD7B99C00DA1C97 /* CopyFiles */ = {
			isa = PBXCopyFilesBuildPhase;
			buildActionMask = 2147483647;
			dstPath = "";
			dstSubfolderSpec = 10;
			files = (
				479195701DD7BA6E00DA1C97 /* LanguageTranslatorV2.framework in CopyFiles */,
				479195711DD7BA6E00DA1C97 /* ToneAnalyzerV3.framework in CopyFiles */,
				479195721DD7BA6E00DA1C97 /* RelationshipExtractionV1Beta.framework in CopyFiles */,
				479195731DD7BA6E00DA1C97 /* NaturalLanguageClassifierV1.framework in CopyFiles */,
				479195741DD7BA6E00DA1C97 /* DocumentConversionV1.framework in CopyFiles */,
				479195751DD7BA6E00DA1C97 /* RestKit.framework in CopyFiles */,
				479195761DD7BA6E00DA1C97 /* AlchemyVisionV1.framework in CopyFiles */,
				479195771DD7BA6E00DA1C97 /* PersonalityInsightsV2.framework in CopyFiles */,
				479195781DD7BA6E00DA1C97 /* DialogV1.framework in CopyFiles */,
				479195791DD7BA6E00DA1C97 /* RetrieveAndRankV1.framework in CopyFiles */,
				4791957A1DD7BA6E00DA1C97 /* AlchemyLanguageV1.framework in CopyFiles */,
				4791957B1DD7BA6E00DA1C97 /* ConversationV1.framework in CopyFiles */,
				4791957C1DD7BA6E00DA1C97 /* TradeoffAnalyticsV1.framework in CopyFiles */,
				4791957D1DD7BA6E00DA1C97 /* TextToSpeechV1.framework in CopyFiles */,
				4791957E1DD7BA6E00DA1C97 /* AlchemyDataNewsV1.framework in CopyFiles */,
				4791957F1DD7BA6E00DA1C97 /* SpeechToTextV1.framework in CopyFiles */,
				4791954F1DD7B9BD00DA1C97 /* VisualRecognitionV3.framework in CopyFiles */,
			);
			runOnlyForDeploymentPostprocessing = 0;
		};
/* End PBXCopyFilesBuildPhase section */

/* Begin PBXFileReference section */
		0F9B267C348904BBFCC2154F /* Pods-ScoutsBook.release.xcconfig */ = {isa = PBXFileReference; includeInIndex = 1; lastKnownFileType = text.xcconfig; name = "Pods-ScoutsBook.release.xcconfig"; path = "Pods/Target Support Files/Pods-ScoutsBook/Pods-ScoutsBook.release.xcconfig"; sourceTree = "<group>"; };
		47192DAE1DD7CB1400751F94 /* LevelViewController.swift */ = {isa = PBXFileReference; fileEncoding = 4; lastKnownFileType = sourcecode.swift; path = LevelViewController.swift; sourceTree = "<group>"; };
		47192DB21DD7F53200751F94 /* Levels.swift */ = {isa = PBXFileReference; fileEncoding = 4; lastKnownFileType = sourcecode.swift; name = Levels.swift; path = ../Pods/Levels.swift; sourceTree = "<group>"; };
		47192DB41DD81C6600751F94 /* CircularImage.swift */ = {isa = PBXFileReference; fileEncoding = 4; lastKnownFileType = sourcecode.swift; path = CircularImage.swift; sourceTree = "<group>"; };
		47192DB61DD81CB800751F94 /* ProfileViewController.swift */ = {isa = PBXFileReference; fileEncoding = 4; lastKnownFileType = sourcecode.swift; path = ProfileViewController.swift; sourceTree = "<group>"; };
		47192DB91DD81E6B00751F94 /* Comfortaa-Regular.ttf */ = {isa = PBXFileReference; lastKnownFileType = file; path = "Comfortaa-Regular.ttf"; sourceTree = "<group>"; };
		47192DBB1DD835AD00751F94 /* MainTabBarController.swift */ = {isa = PBXFileReference; fileEncoding = 4; lastKnownFileType = sourcecode.swift; path = MainTabBarController.swift; sourceTree = "<group>"; };
		47192DBD1DD8386F00751F94 /* UserProfile.swift */ = {isa = PBXFileReference; fileEncoding = 4; lastKnownFileType = sourcecode.swift; path = UserProfile.swift; sourceTree = "<group>"; };
		47192DBF1DD83D5C00751F94 /* AWSCore.framework */ = {isa = PBXFileReference; lastKnownFileType = wrapper.framework; name = AWSCore.framework; path = "../../Library/Developer/Xcode/DerivedData/ScoutsBook-emudhaffbkzzpofhyramrbnvmiur/Build/Products/Debug-iphonesimulator/AWSCore/AWSCore.framework"; sourceTree = "<group>"; };
		47192DC01DD83D5C00751F94 /* AWSDynamoDB.framework */ = {isa = PBXFileReference; lastKnownFileType = wrapper.framework; name = AWSDynamoDB.framework; path = "../../Library/Developer/Xcode/DerivedData/ScoutsBook-emudhaffbkzzpofhyramrbnvmiur/Build/Products/Debug-iphonesimulator/AWSDynamoDB/AWSDynamoDB.framework"; sourceTree = "<group>"; };
		47192DC11DD83D5C00751F94 /* AWSS3.framework */ = {isa = PBXFileReference; lastKnownFileType = wrapper.framework; name = AWSS3.framework; path = "../../Library/Developer/Xcode/DerivedData/ScoutsBook-emudhaffbkzzpofhyramrbnvmiur/Build/Products/Debug-iphonesimulator/AWSS3/AWSS3.framework"; sourceTree = "<group>"; };
		47192DD71DD8462200751F94 /* libsqlite3.tbd */ = {isa = PBXFileReference; lastKnownFileType = "sourcecode.text-based-dylib-definition"; name = libsqlite3.tbd; path = usr/lib/libsqlite3.tbd; sourceTree = SDKROOT; };
		47192DD91DD8462E00751F94 /* libz.tbd */ = {isa = PBXFileReference; lastKnownFileType = "sourcecode.text-based-dylib-definition"; name = libz.tbd; path = usr/lib/libz.tbd; sourceTree = SDKROOT; };
		47192DEC1DD8660600751F94 /* AlamofireImage.framework */ = {isa = PBXFileReference; lastKnownFileType = wrapper.framework; name = AlamofireImage.framework; path = "Pods/../build/Debug-iphoneos/AlamofireImage/AlamofireImage.framework"; sourceTree = "<group>"; };
		476959401DD88AE200D05294 /* GoogleService-Info.plist */ = {isa = PBXFileReference; fileEncoding = 4; lastKnownFileType = text.plist.xml; path = "GoogleService-Info.plist"; sourceTree = "<group>"; };
		477ECDF81DD89D98002EB54B /* LauncScreenViewController.swift */ = {isa = PBXFileReference; fileEncoding = 4; lastKnownFileType = sourcecode.swift; path = LauncScreenViewController.swift; sourceTree = "<group>"; };
		479195371DD7AB0600DA1C97 /* VisualRecognitionV3.framework */ = {isa = PBXFileReference; lastKnownFileType = wrapper.framework; name = VisualRecognitionV3.framework; path = Carthage/Build/iOS/VisualRecognitionV3.framework; sourceTree = "<group>"; };
		479195391DD7AB7200DA1C97 /* ChameleonFramework.framework */ = {isa = PBXFileReference; lastKnownFileType = wrapper.framework; name = ChameleonFramework.framework; path = "Pods/../build/Debug-iphoneos/ChameleonFramework/ChameleonFramework.framework"; sourceTree = "<group>"; };
		4791953D1DD7ACCF00DA1C97 /* LevelTableViewCell.swift */ = {isa = PBXFileReference; fileEncoding = 4; lastKnownFileType = sourcecode.swift; path = LevelTableViewCell.swift; sourceTree = "<group>"; };
		479195451DD7AD2100DA1C97 /* LevelTableViewCell.xib */ = {isa = PBXFileReference; fileEncoding = 4; lastKnownFileType = file.xib; path = LevelTableViewCell.xib; sourceTree = "<group>"; };
		479195481DD7AF5600DA1C97 /* GTProgressBar.framework */ = {isa = PBXFileReference; lastKnownFileType = wrapper.framework; name = GTProgressBar.framework; path = "../../Library/Developer/Xcode/DerivedData/ScoutsBook-emudhaffbkzzpofhyramrbnvmiur/Build/Products/Debug-iphonesimulator/GTProgressBar/GTProgressBar.framework"; sourceTree = "<group>"; };
		4791954A1DD7B68900DA1C97 /* FCAlertView.framework */ = {isa = PBXFileReference; lastKnownFileType = wrapper.framework; name = FCAlertView.framework; path = "../../Library/Developer/Xcode/DerivedData/ScoutsBook-emudhaffbkzzpofhyramrbnvmiur/Build/Products/Debug-iphonesimulator/FCAlertView/FCAlertView.framework"; sourceTree = "<group>"; };
		4791954C1DD7B91900DA1C97 /* GTProgressBar.framework */ = {isa = PBXFileReference; lastKnownFileType = wrapper.framework; name = GTProgressBar.framework; path = "Pods/../build/Debug-iphoneos/GTProgressBar/GTProgressBar.framework"; sourceTree = "<group>"; };
		479195501DD7BA4300DA1C97 /* LanguageTranslatorV2.framework */ = {isa = PBXFileReference; lastKnownFileType = wrapper.framework; name = LanguageTranslatorV2.framework; path = Carthage/Build/iOS/LanguageTranslatorV2.framework; sourceTree = "<group>"; };
		479195511DD7BA4300DA1C97 /* ToneAnalyzerV3.framework */ = {isa = PBXFileReference; lastKnownFileType = wrapper.framework; name = ToneAnalyzerV3.framework; path = Carthage/Build/iOS/ToneAnalyzerV3.framework; sourceTree = "<group>"; };
		479195521DD7BA4300DA1C97 /* RelationshipExtractionV1Beta.framework */ = {isa = PBXFileReference; lastKnownFileType = wrapper.framework; name = RelationshipExtractionV1Beta.framework; path = Carthage/Build/iOS/RelationshipExtractionV1Beta.framework; sourceTree = "<group>"; };
		479195531DD7BA4300DA1C97 /* NaturalLanguageClassifierV1.framework */ = {isa = PBXFileReference; lastKnownFileType = wrapper.framework; name = NaturalLanguageClassifierV1.framework; path = Carthage/Build/iOS/NaturalLanguageClassifierV1.framework; sourceTree = "<group>"; };
		479195541DD7BA4300DA1C97 /* DocumentConversionV1.framework */ = {isa = PBXFileReference; lastKnownFileType = wrapper.framework; name = DocumentConversionV1.framework; path = Carthage/Build/iOS/DocumentConversionV1.framework; sourceTree = "<group>"; };
		479195551DD7BA4300DA1C97 /* RestKit.framework */ = {isa = PBXFileReference; lastKnownFileType = wrapper.framework; name = RestKit.framework; path = Carthage/Build/iOS/RestKit.framework; sourceTree = "<group>"; };
		479195561DD7BA4300DA1C97 /* AlchemyVisionV1.framework */ = {isa = PBXFileReference; lastKnownFileType = wrapper.framework; name = AlchemyVisionV1.framework; path = Carthage/Build/iOS/AlchemyVisionV1.framework; sourceTree = "<group>"; };
		479195571DD7BA4300DA1C97 /* PersonalityInsightsV2.framework */ = {isa = PBXFileReference; lastKnownFileType = wrapper.framework; name = PersonalityInsightsV2.framework; path = Carthage/Build/iOS/PersonalityInsightsV2.framework; sourceTree = "<group>"; };
		479195581DD7BA4300DA1C97 /* DialogV1.framework */ = {isa = PBXFileReference; lastKnownFileType = wrapper.framework; name = DialogV1.framework; path = Carthage/Build/iOS/DialogV1.framework; sourceTree = "<group>"; };
		479195591DD7BA4300DA1C97 /* RetrieveAndRankV1.framework */ = {isa = PBXFileReference; lastKnownFileType = wrapper.framework; name = RetrieveAndRankV1.framework; path = Carthage/Build/iOS/RetrieveAndRankV1.framework; sourceTree = "<group>"; };
		4791955A1DD7BA4300DA1C97 /* AlchemyLanguageV1.framework */ = {isa = PBXFileReference; lastKnownFileType = wrapper.framework; name = AlchemyLanguageV1.framework; path = Carthage/Build/iOS/AlchemyLanguageV1.framework; sourceTree = "<group>"; };
		4791955B1DD7BA4300DA1C97 /* ConversationV1.framework */ = {isa = PBXFileReference; lastKnownFileType = wrapper.framework; name = ConversationV1.framework; path = Carthage/Build/iOS/ConversationV1.framework; sourceTree = "<group>"; };
		4791955C1DD7BA4300DA1C97 /* TradeoffAnalyticsV1.framework */ = {isa = PBXFileReference; lastKnownFileType = wrapper.framework; name = TradeoffAnalyticsV1.framework; path = Carthage/Build/iOS/TradeoffAnalyticsV1.framework; sourceTree = "<group>"; };
		4791955D1DD7BA4300DA1C97 /* TextToSpeechV1.framework */ = {isa = PBXFileReference; lastKnownFileType = wrapper.framework; name = TextToSpeechV1.framework; path = Carthage/Build/iOS/TextToSpeechV1.framework; sourceTree = "<group>"; };
		4791955E1DD7BA4300DA1C97 /* AlchemyDataNewsV1.framework */ = {isa = PBXFileReference; lastKnownFileType = wrapper.framework; name = AlchemyDataNewsV1.framework; path = Carthage/Build/iOS/AlchemyDataNewsV1.framework; sourceTree = "<group>"; };
		4791955F1DD7BA4300DA1C97 /* SpeechToTextV1.framework */ = {isa = PBXFileReference; lastKnownFileType = wrapper.framework; name = SpeechToTextV1.framework; path = Carthage/Build/iOS/SpeechToTextV1.framework; sourceTree = "<group>"; };
		479195801DD7C06400DA1C97 /* CamaraViewController.swift */ = {isa = PBXFileReference; fileEncoding = 4; lastKnownFileType = sourcecode.swift; path = CamaraViewController.swift; sourceTree = "<group>"; };
		479195821DD7C09300DA1C97 /* camara.storyboard */ = {isa = PBXFileReference; fileEncoding = 4; lastKnownFileType = file.storyboard; path = camara.storyboard; sourceTree = "<group>"; };
		47F1CF181DD791AC0067121E /* ScoutsBook.app */ = {isa = PBXFileReference; explicitFileType = wrapper.application; includeInIndex = 0; path = ScoutsBook.app; sourceTree = BUILT_PRODUCTS_DIR; };
		47F1CF1B1DD791AC0067121E /* AppDelegate.swift */ = {isa = PBXFileReference; lastKnownFileType = sourcecode.swift; path = AppDelegate.swift; sourceTree = "<group>"; };
		47F1CF1D1DD791AC0067121E /* ViewController.swift */ = {isa = PBXFileReference; lastKnownFileType = sourcecode.swift; path = ViewController.swift; sourceTree = "<group>"; };
		47F1CF201DD791AC0067121E /* Base */ = {isa = PBXFileReference; lastKnownFileType = file.storyboard; name = Base; path = Base.lproj/Main.storyboard; sourceTree = "<group>"; };
		47F1CF221DD791AC0067121E /* Assets.xcassets */ = {isa = PBXFileReference; lastKnownFileType = folder.assetcatalog; path = Assets.xcassets; sourceTree = "<group>"; };
		47F1CF251DD791AC0067121E /* Base */ = {isa = PBXFileReference; lastKnownFileType = file.storyboard; name = Base; path = Base.lproj/LaunchScreen.storyboard; sourceTree = "<group>"; };
		47F1CF271DD791AC0067121E /* Info.plist */ = {isa = PBXFileReference; lastKnownFileType = text.plist.xml; path = Info.plist; sourceTree = "<group>"; };
		6C7086474BB9F4EFF77F42DB /* Pods-ScoutsBook.debug.xcconfig */ = {isa = PBXFileReference; includeInIndex = 1; lastKnownFileType = text.xcconfig; name = "Pods-ScoutsBook.debug.xcconfig"; path = "Pods/Target Support Files/Pods-ScoutsBook/Pods-ScoutsBook.debug.xcconfig"; sourceTree = "<group>"; };
		8312B15E34D046FFEAACC4BD /* Pods_ScoutsBook.framework */ = {isa = PBXFileReference; explicitFileType = wrapper.framework; includeInIndex = 0; path = Pods_ScoutsBook.framework; sourceTree = BUILT_PRODUCTS_DIR; };
		8E68FE921DD7986E0077006F /* User.swift */ = {isa = PBXFileReference; fileEncoding = 4; lastKnownFileType = sourcecode.swift; path = User.swift; sourceTree = "<group>"; };
		8E68FE941DD79B740077006F /* Recents.swift */ = {isa = PBXFileReference; fileEncoding = 4; lastKnownFileType = sourcecode.swift; path = Recents.swift; sourceTree = "<group>"; };
		8E68FE9C1DD80A4B0077006F /* userProfile.storyboard */ = {isa = PBXFileReference; fileEncoding = 4; lastKnownFileType = file.storyboard; path = userProfile.storyboard; sourceTree = "<group>"; };
		8E68FE9E1DD80A6B0077006F /* userProfileViewController.swift */ = {isa = PBXFileReference; fileEncoding = 4; lastKnownFileType = sourcecode.swift; path = userProfileViewController.swift; sourceTree = "<group>"; };
/* End PBXFileReference section */

/* Begin PBXFrameworksBuildPhase section */
		47F1CF151DD791AC0067121E /* Frameworks */ = {
			isa = PBXFrameworksBuildPhase;
			buildActionMask = 2147483647;
			files = (
				47192DED1DD8660600751F94 /* AlamofireImage.framework in Frameworks */,
				47192DDA1DD8462E00751F94 /* libz.tbd in Frameworks */,
				47192DD81DD8462200751F94 /* libsqlite3.tbd in Frameworks */,
				479195601DD7BA4300DA1C97 /* LanguageTranslatorV2.framework in Frameworks */,
				479195611DD7BA4300DA1C97 /* ToneAnalyzerV3.framework in Frameworks */,
				479195621DD7BA4300DA1C97 /* RelationshipExtractionV1Beta.framework in Frameworks */,
				479195631DD7BA4300DA1C97 /* NaturalLanguageClassifierV1.framework in Frameworks */,
				479195641DD7BA4300DA1C97 /* DocumentConversionV1.framework in Frameworks */,
				479195651DD7BA4300DA1C97 /* RestKit.framework in Frameworks */,
				479195661DD7BA4300DA1C97 /* AlchemyVisionV1.framework in Frameworks */,
				479195671DD7BA4300DA1C97 /* PersonalityInsightsV2.framework in Frameworks */,
				479195681DD7BA4300DA1C97 /* DialogV1.framework in Frameworks */,
				479195691DD7BA4300DA1C97 /* RetrieveAndRankV1.framework in Frameworks */,
				4791956A1DD7BA4300DA1C97 /* AlchemyLanguageV1.framework in Frameworks */,
				4791956B1DD7BA4300DA1C97 /* ConversationV1.framework in Frameworks */,
				4791956C1DD7BA4300DA1C97 /* TradeoffAnalyticsV1.framework in Frameworks */,
				4791956D1DD7BA4300DA1C97 /* TextToSpeechV1.framework in Frameworks */,
				4791956E1DD7BA4300DA1C97 /* AlchemyDataNewsV1.framework in Frameworks */,
				4791956F1DD7BA4300DA1C97 /* SpeechToTextV1.framework in Frameworks */,
				479195381DD7AB0600DA1C97 /* VisualRecognitionV3.framework in Frameworks */,
				4791954D1DD7B91900DA1C97 /* GTProgressBar.framework in Frameworks */,
				4791954B1DD7B68900DA1C97 /* FCAlertView.framework in Frameworks */,
				E6977225EAB3D201399237F9 /* Pods_ScoutsBook.framework in Frameworks */,
			);
			runOnlyForDeploymentPostprocessing = 0;
		};
/* End PBXFrameworksBuildPhase section */

/* Begin PBXGroup section */
		47192DB81DD81DC900751F94 /* Resources */ = {
			isa = PBXGroup;
			children = (
				47192DB91DD81E6B00751F94 /* Comfortaa-Regular.ttf */,
			);
			name = Resources;
			sourceTree = "<group>";
		};
		479195471DD7AD2400DA1C97 /* XIBS */ = {
			isa = PBXGroup;
			children = (
				4791953D1DD7ACCF00DA1C97 /* LevelTableViewCell.swift */,
				479195451DD7AD2100DA1C97 /* LevelTableViewCell.xib */,
			);
			name = XIBS;
			sourceTree = "<group>";
		};
		47F1CF0F1DD791AC0067121E = {
			isa = PBXGroup;
			children = (
				47F1CF1A1DD791AC0067121E /* ScoutsBook */,
				47F1CF191DD791AC0067121E /* Products */,
				643D5323631C8914C16D40B2 /* Pods */,
				B0D26CD2F6201EC18871C48E /* Frameworks */,
			);
			sourceTree = "<group>";
		};
		47F1CF191DD791AC0067121E /* Products */ = {
			isa = PBXGroup;
			children = (
				47F1CF181DD791AC0067121E /* ScoutsBook.app */,
			);
			name = Products;
			sourceTree = "<group>";
		};
		47F1CF1A1DD791AC0067121E /* ScoutsBook */ = {
			isa = PBXGroup;
			children = (
				476959401DD88AE200D05294 /* GoogleService-Info.plist */,
				47192DB81DD81DC900751F94 /* Resources */,
				479195471DD7AD2400DA1C97 /* XIBS */,
				8E68FE911DD798380077006F /* Models */,
				47F1CF1B1DD791AC0067121E /* AppDelegate.swift */,
				47F1CF2D1DD795E60067121E /* ViewControllers */,
				47F1CF2E1DD795EF0067121E /* Storyboards */,
				47F1CF221DD791AC0067121E /* Assets.xcassets */,
				47F1CF271DD791AC0067121E /* Info.plist */,
			);
			path = ScoutsBook;
			sourceTree = "<group>";
		};
		47F1CF2D1DD795E60067121E /* ViewControllers */ = {
			isa = PBXGroup;
			children = (
				47192DBB1DD835AD00751F94 /* MainTabBarController.swift */,
				47192DB61DD81CB800751F94 /* ProfileViewController.swift */,
				47192DB41DD81C6600751F94 /* CircularImage.swift */,
				47F1CF1D1DD791AC0067121E /* ViewController.swift */,
				479195801DD7C06400DA1C97 /* CamaraViewController.swift */,
				47192DAE1DD7CB1400751F94 /* LevelViewController.swift */,
				8E68FE9E1DD80A6B0077006F /* userProfileViewController.swift */,
				47192DBD1DD8386F00751F94 /* UserProfile.swift */,
			);
			name = ViewControllers;
			sourceTree = "<group>";
		};
		47F1CF2E1DD795EF0067121E /* Storyboards */ = {
			isa = PBXGroup;
			children = (
				47F1CF1F1DD791AC0067121E /* Main.storyboard */,
				47F1CF241DD791AC0067121E /* LaunchScreen.storyboard */,
				477ECDF81DD89D98002EB54B /* LauncScreenViewController.swift */,
				479195821DD7C09300DA1C97 /* camara.storyboard */,
				8E68FE9C1DD80A4B0077006F /* userProfile.storyboard */,
			);
			name = Storyboards;
			sourceTree = "<group>";
		};
		643D5323631C8914C16D40B2 /* Pods */ = {
			isa = PBXGroup;
			children = (
				6C7086474BB9F4EFF77F42DB /* Pods-ScoutsBook.debug.xcconfig */,
				0F9B267C348904BBFCC2154F /* Pods-ScoutsBook.release.xcconfig */,
			);
			name = Pods;
			sourceTree = "<group>";
		};
		8E68FE911DD798380077006F /* Models */ = {
			isa = PBXGroup;
			children = (
				47192DB21DD7F53200751F94 /* Levels.swift */,
				8E68FE921DD7986E0077006F /* User.swift */,
				8E68FE941DD79B740077006F /* Recents.swift */,
			);
			name = Models;
			sourceTree = "<group>";
		};
		B0D26CD2F6201EC18871C48E /* Frameworks */ = {
			isa = PBXGroup;
			children = (
				47192DEC1DD8660600751F94 /* AlamofireImage.framework */,
				47192DD91DD8462E00751F94 /* libz.tbd */,
				47192DD71DD8462200751F94 /* libsqlite3.tbd */,
				47192DBF1DD83D5C00751F94 /* AWSCore.framework */,
				47192DC01DD83D5C00751F94 /* AWSDynamoDB.framework */,
				47192DC11DD83D5C00751F94 /* AWSS3.framework */,
				479195501DD7BA4300DA1C97 /* LanguageTranslatorV2.framework */,
				479195511DD7BA4300DA1C97 /* ToneAnalyzerV3.framework */,
				479195521DD7BA4300DA1C97 /* RelationshipExtractionV1Beta.framework */,
				479195531DD7BA4300DA1C97 /* NaturalLanguageClassifierV1.framework */,
				479195541DD7BA4300DA1C97 /* DocumentConversionV1.framework */,
				479195551DD7BA4300DA1C97 /* RestKit.framework */,
				479195561DD7BA4300DA1C97 /* AlchemyVisionV1.framework */,
				479195571DD7BA4300DA1C97 /* PersonalityInsightsV2.framework */,
				479195581DD7BA4300DA1C97 /* DialogV1.framework */,
				479195591DD7BA4300DA1C97 /* RetrieveAndRankV1.framework */,
				4791955A1DD7BA4300DA1C97 /* AlchemyLanguageV1.framework */,
				4791955B1DD7BA4300DA1C97 /* ConversationV1.framework */,
				4791955C1DD7BA4300DA1C97 /* TradeoffAnalyticsV1.framework */,
				4791955D1DD7BA4300DA1C97 /* TextToSpeechV1.framework */,
				4791955E1DD7BA4300DA1C97 /* AlchemyDataNewsV1.framework */,
				4791955F1DD7BA4300DA1C97 /* SpeechToTextV1.framework */,
				4791954C1DD7B91900DA1C97 /* GTProgressBar.framework */,
				4791954A1DD7B68900DA1C97 /* FCAlertView.framework */,
				479195481DD7AF5600DA1C97 /* GTProgressBar.framework */,
				479195391DD7AB7200DA1C97 /* ChameleonFramework.framework */,
				479195371DD7AB0600DA1C97 /* VisualRecognitionV3.framework */,
				8312B15E34D046FFEAACC4BD /* Pods_ScoutsBook.framework */,
			);
			name = Frameworks;
			sourceTree = "<group>";
		};
/* End PBXGroup section */

/* Begin PBXNativeTarget section */
		47F1CF171DD791AC0067121E /* ScoutsBook */ = {
			isa = PBXNativeTarget;
			buildConfigurationList = 47F1CF2A1DD791AC0067121E /* Build configuration list for PBXNativeTarget "ScoutsBook" */;
			buildPhases = (
				908BD2F5CBAF9EA3824E9F33 /* [CP] Check Pods Manifest.lock */,
				47F1CF141DD791AC0067121E /* Sources */,
				47F1CF151DD791AC0067121E /* Frameworks */,
				47F1CF161DD791AC0067121E /* Resources */,
				3CAA33872C9A5E78A6B19B05 /* [CP] Embed Pods Frameworks */,
				4EF74F3956A3287E1D2F425A /* [CP] Copy Pods Resources */,
				4791954E1DD7B99C00DA1C97 /* CopyFiles */,
			);
			buildRules = (
			);
			dependencies = (
			);
			name = ScoutsBook;
			productName = ScoutsBook;
			productReference = 47F1CF181DD791AC0067121E /* ScoutsBook.app */;
			productType = "com.apple.product-type.application";
		};
/* End PBXNativeTarget section */

/* Begin PBXProject section */
		47F1CF101DD791AC0067121E /* Project object */ = {
			isa = PBXProject;
			attributes = {
				LastSwiftUpdateCheck = 0810;
				LastUpgradeCheck = 0810;
				ORGANIZATIONNAME = Appdromeda;
				TargetAttributes = {
					47F1CF171DD791AC0067121E = {
						CreatedOnToolsVersion = 8.1;
						DevelopmentTeam = E5F4JMN6W8;
						LastSwiftMigration = 0810;
						ProvisioningStyle = Automatic;
					};
				};
			};
			buildConfigurationList = 47F1CF131DD791AC0067121E /* Build configuration list for PBXProject "ScoutsBook" */;
			compatibilityVersion = "Xcode 3.2";
			developmentRegion = English;
			hasScannedForEncodings = 0;
			knownRegions = (
				en,
				Base,
			);
			mainGroup = 47F1CF0F1DD791AC0067121E;
			productRefGroup = 47F1CF191DD791AC0067121E /* Products */;
			projectDirPath = "";
			projectRoot = "";
			targets = (
				47F1CF171DD791AC0067121E /* ScoutsBook */,
			);
		};
/* End PBXProject section */

/* Begin PBXResourcesBuildPhase section */
		47F1CF161DD791AC0067121E /* Resources */ = {
			isa = PBXResourcesBuildPhase;
			buildActionMask = 2147483647;
			files = (
				476959411DD88AE200D05294 /* GoogleService-Info.plist in Resources */,
				47F1CF261DD791AC0067121E /* LaunchScreen.storyboard in Resources */,
				8E68FE9D1DD80A4B0077006F /* userProfile.storyboard in Resources */,
				47F1CF231DD791AC0067121E /* Assets.xcassets in Resources */,
				47192DBA1DD81E6B00751F94 /* Comfortaa-Regular.ttf in Resources */,
				479195461DD7AD2100DA1C97 /* LevelTableViewCell.xib in Resources */,
				47F1CF211DD791AC0067121E /* Main.storyboard in Resources */,
				479195831DD7C09300DA1C97 /* camara.storyboard in Resources */,
			);
			runOnlyForDeploymentPostprocessing = 0;
		};
/* End PBXResourcesBuildPhase section */

/* Begin PBXShellScriptBuildPhase section */
		3CAA33872C9A5E78A6B19B05 /* [CP] Embed Pods Frameworks */ = {
			isa = PBXShellScriptBuildPhase;
			buildActionMask = 2147483647;
			files = (
			);
			inputPaths = (
			);
			name = "[CP] Embed Pods Frameworks";
			outputPaths = (
			);
			runOnlyForDeploymentPostprocessing = 0;
			shellPath = /bin/sh;
			shellScript = "\"${SRCROOT}/Pods/Target Support Files/Pods-ScoutsBook/Pods-ScoutsBook-frameworks.sh\"\n";
			showEnvVarsInLog = 0;
		};
		4EF74F3956A3287E1D2F425A /* [CP] Copy Pods Resources */ = {
			isa = PBXShellScriptBuildPhase;
			buildActionMask = 2147483647;
			files = (
			);
			inputPaths = (
			);
			name = "[CP] Copy Pods Resources";
			outputPaths = (
			);
			runOnlyForDeploymentPostprocessing = 0;
			shellPath = /bin/sh;
			shellScript = "\"${SRCROOT}/Pods/Target Support Files/Pods-ScoutsBook/Pods-ScoutsBook-resources.sh\"\n";
			showEnvVarsInLog = 0;
		};
		908BD2F5CBAF9EA3824E9F33 /* [CP] Check Pods Manifest.lock */ = {
			isa = PBXShellScriptBuildPhase;
			buildActionMask = 2147483647;
			files = (
			);
			inputPaths = (
			);
			name = "[CP] Check Pods Manifest.lock";
			outputPaths = (
			);
			runOnlyForDeploymentPostprocessing = 0;
			shellPath = /bin/sh;
			shellScript = "diff \"${PODS_ROOT}/../Podfile.lock\" \"${PODS_ROOT}/Manifest.lock\" > /dev/null\nif [[ $? != 0 ]] ; then\n    cat << EOM\nerror: The sandbox is not in sync with the Podfile.lock. Run 'pod install' or update your CocoaPods installation.\nEOM\n    exit 1\nfi\n";
			showEnvVarsInLog = 0;
		};
/* End PBXShellScriptBuildPhase section */

/* Begin PBXSourcesBuildPhase section */
		47F1CF141DD791AC0067121E /* Sources */ = {
			isa = PBXSourcesBuildPhase;
			buildActionMask = 2147483647;
			files = (
				477ECDF91DD89D98002EB54B /* LauncScreenViewController.swift in Sources */,
				8E68FE951DD79B740077006F /* Recents.swift in Sources */,
				4791953E1DD7ACCF00DA1C97 /* LevelTableViewCell.swift in Sources */,
				47192DBC1DD835AD00751F94 /* MainTabBarController.swift in Sources */,
				47192DB51DD81C6600751F94 /* CircularImage.swift in Sources */,
				47192DB31DD7F53200751F94 /* Levels.swift in Sources */,
				47F1CF1E1DD791AC0067121E /* ViewController.swift in Sources */,
				8E68FE9F1DD80A6B0077006F /* userProfileViewController.swift in Sources */,
				47192DB71DD81CB800751F94 /* ProfileViewController.swift in Sources */,
				47192DAF1DD7CB1400751F94 /* LevelViewController.swift in Sources */,
				479195811DD7C06400DA1C97 /* CamaraViewController.swift in Sources */,
				47F1CF1C1DD791AC0067121E /* AppDelegate.swift in Sources */,
				8E68FE931DD7986E0077006F /* User.swift in Sources */,
				47192DBE1DD8386F00751F94 /* UserProfile.swift in Sources */,
			);
			runOnlyForDeploymentPostprocessing = 0;
		};
/* End PBXSourcesBuildPhase section */

/* Begin PBXVariantGroup section */
		47F1CF1F1DD791AC0067121E /* Main.storyboard */ = {
			isa = PBXVariantGroup;
			children = (
				47F1CF201DD791AC0067121E /* Base */,
			);
			name = Main.storyboard;
			sourceTree = "<group>";
		};
		47F1CF241DD791AC0067121E /* LaunchScreen.storyboard */ = {
			isa = PBXVariantGroup;
			children = (
				47F1CF251DD791AC0067121E /* Base */,
			);
			name = LaunchScreen.storyboard;
			sourceTree = "<group>";
		};
/* End PBXVariantGroup section */

/* Begin XCBuildConfiguration section */
		47F1CF281DD791AC0067121E /* Debug */ = {
			isa = XCBuildConfiguration;
			buildSettings = {
				ALWAYS_SEARCH_USER_PATHS = NO;
				CLANG_ANALYZER_NONNULL = YES;
				CLANG_CXX_LANGUAGE_STANDARD = "gnu++0x";
				CLANG_CXX_LIBRARY = "libc++";
				CLANG_ENABLE_MODULES = YES;
				CLANG_ENABLE_OBJC_ARC = YES;
				CLANG_WARN_BOOL_CONVERSION = YES;
				CLANG_WARN_CONSTANT_CONVERSION = YES;
				CLANG_WARN_DIRECT_OBJC_ISA_USAGE = YES_ERROR;
				CLANG_WARN_DOCUMENTATION_COMMENTS = YES;
				CLANG_WARN_EMPTY_BODY = YES;
				CLANG_WARN_ENUM_CONVERSION = YES;
				CLANG_WARN_INFINITE_RECURSION = YES;
				CLANG_WARN_INT_CONVERSION = YES;
				CLANG_WARN_OBJC_ROOT_CLASS = YES_ERROR;
				CLANG_WARN_SUSPICIOUS_MOVES = YES;
				CLANG_WARN_UNREACHABLE_CODE = YES;
				CLANG_WARN__DUPLICATE_METHOD_MATCH = YES;
				"CODE_SIGN_IDENTITY[sdk=iphoneos*]" = "iPhone Developer";
				COPY_PHASE_STRIP = NO;
				DEBUG_INFORMATION_FORMAT = dwarf;
				ENABLE_STRICT_OBJC_MSGSEND = YES;
				ENABLE_TESTABILITY = YES;
				GCC_C_LANGUAGE_STANDARD = gnu99;
				GCC_DYNAMIC_NO_PIC = NO;
				GCC_NO_COMMON_BLOCKS = YES;
				GCC_OPTIMIZATION_LEVEL = 0;
				GCC_PREPROCESSOR_DEFINITIONS = (
					"DEBUG=1",
					"$(inherited)",
				);
				GCC_WARN_64_TO_32_BIT_CONVERSION = YES;
				GCC_WARN_ABOUT_RETURN_TYPE = YES_ERROR;
				GCC_WARN_UNDECLARED_SELECTOR = YES;
				GCC_WARN_UNINITIALIZED_AUTOS = YES_AGGRESSIVE;
				GCC_WARN_UNUSED_FUNCTION = YES;
				GCC_WARN_UNUSED_VARIABLE = YES;
				IPHONEOS_DEPLOYMENT_TARGET = 10.1;
				MTL_ENABLE_DEBUG_INFO = YES;
				ONLY_ACTIVE_ARCH = YES;
				SDKROOT = iphoneos;
				SWIFT_ACTIVE_COMPILATION_CONDITIONS = DEBUG;
				SWIFT_OPTIMIZATION_LEVEL = "-Onone";
				SWIFT_VERSION = "";
			};
			name = Debug;
		};
		47F1CF291DD791AC0067121E /* Release */ = {
			isa = XCBuildConfiguration;
			buildSettings = {
				ALWAYS_SEARCH_USER_PATHS = NO;
				CLANG_ANALYZER_NONNULL = YES;
				CLANG_CXX_LANGUAGE_STANDARD = "gnu++0x";
				CLANG_CXX_LIBRARY = "libc++";
				CLANG_ENABLE_MODULES = YES;
				CLANG_ENABLE_OBJC_ARC = YES;
				CLANG_WARN_BOOL_CONVERSION = YES;
				CLANG_WARN_CONSTANT_CONVERSION = YES;
				CLANG_WARN_DIRECT_OBJC_ISA_USAGE = YES_ERROR;
				CLANG_WARN_DOCUMENTATION_COMMENTS = YES;
				CLANG_WARN_EMPTY_BODY = YES;
				CLANG_WARN_ENUM_CONVERSION = YES;
				CLANG_WARN_INFINITE_RECURSION = YES;
				CLANG_WARN_INT_CONVERSION = YES;
				CLANG_WARN_OBJC_ROOT_CLASS = YES_ERROR;
				CLANG_WARN_SUSPICIOUS_MOVES = YES;
				CLANG_WARN_UNREACHABLE_CODE = YES;
				CLANG_WARN__DUPLICATE_METHOD_MATCH = YES;
				"CODE_SIGN_IDENTITY[sdk=iphoneos*]" = "iPhone Developer";
				COPY_PHASE_STRIP = NO;
				DEBUG_INFORMATION_FORMAT = "dwarf-with-dsym";
				ENABLE_NS_ASSERTIONS = NO;
				ENABLE_STRICT_OBJC_MSGSEND = YES;
				GCC_C_LANGUAGE_STANDARD = gnu99;
				GCC_NO_COMMON_BLOCKS = YES;
				GCC_WARN_64_TO_32_BIT_CONVERSION = YES;
				GCC_WARN_ABOUT_RETURN_TYPE = YES_ERROR;
				GCC_WARN_UNDECLARED_SELECTOR = YES;
				GCC_WARN_UNINITIALIZED_AUTOS = YES_AGGRESSIVE;
				GCC_WARN_UNUSED_FUNCTION = YES;
				GCC_WARN_UNUSED_VARIABLE = YES;
				IPHONEOS_DEPLOYMENT_TARGET = 10.1;
				MTL_ENABLE_DEBUG_INFO = NO;
				SDKROOT = iphoneos;
				SWIFT_OPTIMIZATION_LEVEL = "-Owholemodule";
				SWIFT_VERSION = "";
				VALIDATE_PRODUCT = YES;
			};
			name = Release;
		};
		47F1CF2B1DD791AC0067121E /* Debug */ = {
			isa = XCBuildConfiguration;
			baseConfigurationReference = 6C7086474BB9F4EFF77F42DB /* Pods-ScoutsBook.debug.xcconfig */;
			buildSettings = {
				ASSETCATALOG_COMPILER_APPICON_NAME = AppIcon;
				DEVELOPMENT_TEAM = E5F4JMN6W8;
				FRAMEWORK_SEARCH_PATHS = (
					"$(inherited)",
					"$(PROJECT_DIR)/Carthage/Build/iOS",
					"$(PROJECT_DIR)/build/Debug-iphoneos/ChameleonFramework",
					"$(PROJECT_DIR)/build/Debug-iphoneos/GTProgressBar",
					"$(PROJECT_DIR)/ScoutsBook/AmazonAws",
					"$(PROJECT_DIR)/build/Debug-iphoneos/AlamofireImage",
				);
				INFOPLIST_FILE = ScoutsBook/Info.plist;
				LD_RUNPATH_SEARCH_PATHS = "$(inherited) @executable_path/Frameworks";
				PRODUCT_BUNDLE_IDENTIFIER = com.barcenas.ScoutsBook;
				PRODUCT_NAME = "$(TARGET_NAME)";
				SWIFT_VERSION = 3.0;
			};
			name = Debug;
		};
		47F1CF2C1DD791AC0067121E /* Release */ = {
			isa = XCBuildConfiguration;
			baseConfigurationReference = 0F9B267C348904BBFCC2154F /* Pods-ScoutsBook.release.xcconfig */;
			buildSettings = {
				ASSETCATALOG_COMPILER_APPICON_NAME = AppIcon;
				DEVELOPMENT_TEAM = E5F4JMN6W8;
				FRAMEWORK_SEARCH_PATHS = (
					"$(inherited)",
					"$(PROJECT_DIR)/Carthage/Build/iOS",
					"$(PROJECT_DIR)/build/Debug-iphoneos/ChameleonFramework",
					"$(PROJECT_DIR)/build/Debug-iphoneos/GTProgressBar",
					"$(PROJECT_DIR)/ScoutsBook/AmazonAws",
					"$(PROJECT_DIR)/build/Debug-iphoneos/AlamofireImage",
				);
				INFOPLIST_FILE = ScoutsBook/Info.plist;
				LD_RUNPATH_SEARCH_PATHS = "$(inherited) @executable_path/Frameworks";
				PRODUCT_BUNDLE_IDENTIFIER = com.barcenas.ScoutsBook;
				PRODUCT_NAME = "$(TARGET_NAME)";
				SWIFT_VERSION = 3.0;
			};
			name = Release;
		};
/* End XCBuildConfiguration section */

/* Begin XCConfigurationList section */
		47F1CF131DD791AC0067121E /* Build configuration list for PBXProject "ScoutsBook" */ = {
			isa = XCConfigurationList;
			buildConfigurations = (
				47F1CF281DD791AC0067121E /* Debug */,
				47F1CF291DD791AC0067121E /* Release */,
			);
			defaultConfigurationIsVisible = 0;
			defaultConfigurationName = Release;
		};
		47F1CF2A1DD791AC0067121E /* Build configuration list for PBXNativeTarget "ScoutsBook" */ = {
			isa = XCConfigurationList;
			buildConfigurations = (
				47F1CF2B1DD791AC0067121E /* Debug */,
				47F1CF2C1DD791AC0067121E /* Release */,
			);
			defaultConfigurationIsVisible = 0;
			defaultConfigurationName = Release;
		};
/* End XCConfigurationList section */
	};
	rootObject = 47F1CF101DD791AC0067121E /* Project object */;
}
